// !$*UTF8*$!
{
	archiveVersion = 1;
	classes = {
	};
	objectVersion = 46;
	objects = {

/* Begin PBXBuildFile section */
		E61273AF194FA56F00BEC1ED /* main.swift in Sources */ = {isa = PBXBuildFile; fileRef = E61273AE194FA56F00BEC1ED /* main.swift */; };
		E61273B1194FA56F00BEC1ED /* ViewController.swift in Sources */ = {isa = PBXBuildFile; fileRef = E61273B0194FA56F00BEC1ED /* ViewController.swift */; };
		E61273B3194FA56F00BEC1ED /* AppDelegate.swift in Sources */ = {isa = PBXBuildFile; fileRef = E61273B2194FA56F00BEC1ED /* AppDelegate.swift */; };
		E61273B5194FA56F00BEC1ED /* Images.xcassets in Resources */ = {isa = PBXBuildFile; fileRef = E61273B4194FA56F00BEC1ED /* Images.xcassets */; };
		E61273B8194FA56F00BEC1ED /* Main.storyboard in Resources */ = {isa = PBXBuildFile; fileRef = E61273B6194FA56F00BEC1ED /* Main.storyboard */; };
		E61273C4194FA56F00BEC1ED /* PraxOauth2Tests.swift in Sources */ = {isa = PBXBuildFile; fileRef = E61273C3194FA56F00BEC1ED /* PraxOauth2Tests.swift */; };
/* End PBXBuildFile section */

/* Begin PBXContainerItemProxy section */
		E61273BE194FA56F00BEC1ED /* PBXContainerItemProxy */ = {
			isa = PBXContainerItemProxy;
			containerPortal = E61273A1194FA56F00BEC1ED /* Project object */;
			proxyType = 1;
			remoteGlobalIDString = E61273A8194FA56F00BEC1ED;
			remoteInfo = PraxOauth2;
		};
/* End PBXContainerItemProxy section */

/* Begin PBXFileReference section */
		E61273A9194FA56F00BEC1ED /* PraxOauth2.app */ = {isa = PBXFileReference; explicitFileType = wrapper.application; includeInIndex = 0; path = PraxOauth2.app; sourceTree = BUILT_PRODUCTS_DIR; };
		E61273AD194FA56F00BEC1ED /* Info.plist */ = {isa = PBXFileReference; lastKnownFileType = text.plist.xml; path = Info.plist; sourceTree = "<group>"; };
		E61273AE194FA56F00BEC1ED /* main.swift */ = {isa = PBXFileReference; lastKnownFileType = sourcecode.swift; path = main.swift; sourceTree = "<group>"; };
		E61273B0194FA56F00BEC1ED /* ViewController.swift */ = {isa = PBXFileReference; lastKnownFileType = sourcecode.swift; path = ViewController.swift; sourceTree = "<group>"; };
		E61273B2194FA56F00BEC1ED /* AppDelegate.swift */ = {isa = PBXFileReference; lastKnownFileType = sourcecode.swift; path = AppDelegate.swift; sourceTree = "<group>"; };
		E61273B4194FA56F00BEC1ED /* Images.xcassets */ = {isa = PBXFileReference; lastKnownFileType = folder.assetcatalog; path = Images.xcassets; sourceTree = "<group>"; };
		E61273B7194FA56F00BEC1ED /* Base */ = {isa = PBXFileReference; lastKnownFileType = file.storyboard; name = Base; path = Base.lproj/Main.storyboard; sourceTree = "<group>"; };
		E61273BD194FA56F00BEC1ED /* PraxOauth2Tests.xctest */ = {isa = PBXFileReference; explicitFileType = wrapper.cfbundle; includeInIndex = 0; path = PraxOauth2Tests.xctest; sourceTree = BUILT_PRODUCTS_DIR; };
		E61273C2194FA56F00BEC1ED /* Info.plist */ = {isa = PBXFileReference; lastKnownFileType = text.plist.xml; path = Info.plist; sourceTree = "<group>"; };
		E61273C3194FA56F00BEC1ED /* PraxOauth2Tests.swift */ = {isa = PBXFileReference; lastKnownFileType = sourcecode.swift; path = PraxOauth2Tests.swift; sourceTree = "<group>"; };
/* End PBXFileReference section */

/* Begin PBXFrameworksBuildPhase section */
		E61273A6194FA56F00BEC1ED /* Frameworks */ = {
			isa = PBXFrameworksBuildPhase;
			buildActionMask = 2147483647;
			files = (
			);
			runOnlyForDeploymentPostprocessing = 0;
		};
		E61273BA194FA56F00BEC1ED /* Frameworks */ = {
			isa = PBXFrameworksBuildPhase;
			buildActionMask = 2147483647;
			files = (
			);
			runOnlyForDeploymentPostprocessing = 0;
		};
/* End PBXFrameworksBuildPhase section */

/* Begin PBXGroup section */
		E61273A0194FA56F00BEC1ED = {
			isa = PBXGroup;
			children = (
				E61273AB194FA56F00BEC1ED /* PraxOauth2 */,
				E61273C0194FA56F00BEC1ED /* PraxOauth2Tests */,
				E61273AA194FA56F00BEC1ED /* Products */,
			);
			sourceTree = "<group>";
		};
		E61273AA194FA56F00BEC1ED /* Products */ = {
			isa = PBXGroup;
			children = (
				E61273A9194FA56F00BEC1ED /* PraxOauth2.app */,
				E61273BD194FA56F00BEC1ED /* PraxOauth2Tests.xctest */,
			);
			name = Products;
			sourceTree = "<group>";
		};
		E61273AB194FA56F00BEC1ED /* PraxOauth2 */ = {
			isa = PBXGroup;
			children = (
				E61273B0194FA56F00BEC1ED /* ViewController.swift */,
				E61273B2194FA56F00BEC1ED /* AppDelegate.swift */,
				E61273B4194FA56F00BEC1ED /* Images.xcassets */,
				E61273B6194FA56F00BEC1ED /* Main.storyboard */,
				E61273AC194FA56F00BEC1ED /* Supporting Files */,
			);
			path = PraxOauth2;
			sourceTree = "<group>";
		};
		E61273AC194FA56F00BEC1ED /* Supporting Files */ = {
			isa = PBXGroup;
			children = (
				E61273AD194FA56F00BEC1ED /* Info.plist */,
				E61273AE194FA56F00BEC1ED /* main.swift */,
			);
			name = "Supporting Files";
			sourceTree = "<group>";
		};
		E61273C0194FA56F00BEC1ED /* PraxOauth2Tests */ = {
			isa = PBXGroup;
			children = (
				E61273C3194FA56F00BEC1ED /* PraxOauth2Tests.swift */,
				E61273C1194FA56F00BEC1ED /* Supporting Files */,
			);
			path = PraxOauth2Tests;
			sourceTree = "<group>";
		};
		E61273C1194FA56F00BEC1ED /* Supporting Files */ = {
			isa = PBXGroup;
			children = (
				E61273C2194FA56F00BEC1ED /* Info.plist */,
			);
			name = "Supporting Files";
			sourceTree = "<group>";
		};
/* End PBXGroup section */

/* Begin PBXNativeTarget section */
		E61273A8194FA56F00BEC1ED /* PraxOauth2 */ = {
			isa = PBXNativeTarget;
			buildConfigurationList = E61273C7194FA56F00BEC1ED /* Build configuration list for PBXNativeTarget "PraxOauth2" */;
			buildPhases = (
				E61273A5194FA56F00BEC1ED /* Sources */,
				E61273A6194FA56F00BEC1ED /* Frameworks */,
				E61273A7194FA56F00BEC1ED /* Resources */,
			);
			buildRules = (
			);
			dependencies = (
			);
			name = PraxOauth2;
			productName = PraxOauth2;
			productReference = E61273A9194FA56F00BEC1ED /* PraxOauth2.app */;
			productType = "com.apple.product-type.application";
		};
		E61273BC194FA56F00BEC1ED /* PraxOauth2Tests */ = {
			isa = PBXNativeTarget;
			buildConfigurationList = E61273CA194FA56F00BEC1ED /* Build configuration list for PBXNativeTarget "PraxOauth2Tests" */;
			buildPhases = (
				E61273B9194FA56F00BEC1ED /* Sources */,
				E61273BA194FA56F00BEC1ED /* Frameworks */,
				E61273BB194FA56F00BEC1ED /* Resources */,
			);
			buildRules = (
			);
			dependencies = (
				E61273BF194FA56F00BEC1ED /* PBXTargetDependency */,
			);
			name = PraxOauth2Tests;
			productName = PraxOauth2Tests;
			productReference = E61273BD194FA56F00BEC1ED /* PraxOauth2Tests.xctest */;
			productType = "com.apple.product-type.bundle.unit-test";
		};
/* End PBXNativeTarget section */

/* Begin PBXProject section */
		E61273A1194FA56F00BEC1ED /* Project object */ = {
			isa = PBXProject;
			attributes = {
				LastUpgradeCheck = 0600;
				ORGANIZATIONNAME = ElmerCat;
				TargetAttributes = {
					E61273A8194FA56F00BEC1ED = {
						CreatedOnToolsVersion = 6.0;
					};
					E61273BC194FA56F00BEC1ED = {
						CreatedOnToolsVersion = 6.0;
						TestTargetID = E61273A8194FA56F00BEC1ED;
					};
				};
			};
			buildConfigurationList = E61273A4194FA56F00BEC1ED /* Build configuration list for PBXProject "PraxOauth2" */;
			compatibilityVersion = "Xcode 3.2";
			developmentRegion = English;
			hasScannedForEncodings = 0;
			knownRegions = (
				en,
				Base,
			);
			mainGroup = E61273A0194FA56F00BEC1ED;
			productRefGroup = E61273AA194FA56F00BEC1ED /* Products */;
			projectDirPath = "";
			projectRoot = "";
			targets = (
				E61273A8194FA56F00BEC1ED /* PraxOauth2 */,
				E61273BC194FA56F00BEC1ED /* PraxOauth2Tests */,
			);
		};
/* End PBXProject section */

/* Begin PBXResourcesBuildPhase section */
		E61273A7194FA56F00BEC1ED /* Resources */ = {
			isa = PBXResourcesBuildPhase;
			buildActionMask = 2147483647;
			files = (
				E61273B5194FA56F00BEC1ED /* Images.xcassets in Resources */,
				E61273B8194FA56F00BEC1ED /* Main.storyboard in Resources */,
			);
			runOnlyForDeploymentPostprocessing = 0;
		};
		E61273BB194FA56F00BEC1ED /* Resources */ = {
			isa = PBXResourcesBuildPhase;
			buildActionMask = 2147483647;
			files = (
			);
			runOnlyForDeploymentPostprocessing = 0;
		};
/* End PBXResourcesBuildPhase section */

/* Begin PBXSourcesBuildPhase section */
		E61273A5194FA56F00BEC1ED /* Sources */ = {
			isa = PBXSourcesBuildPhase;
			buildActionMask = 2147483647;
			files = (
				E61273B3194FA56F00BEC1ED /* AppDelegate.swift in Sources */,
				E61273B1194FA56F00BEC1ED /* ViewController.swift in Sources */,
				E61273AF194FA56F00BEC1ED /* main.swift in Sources */,
			);
			runOnlyForDeploymentPostprocessing = 0;
		};
		E61273B9194FA56F00BEC1ED /* Sources */ = {
			isa = PBXSourcesBuildPhase;
			buildActionMask = 2147483647;
			files = (
				E61273C4194FA56F00BEC1ED /* PraxOauth2Tests.swift in Sources */,
			);
			runOnlyForDeploymentPostprocessing = 0;
		};
/* End PBXSourcesBuildPhase section */

/* Begin PBXTargetDependency section */
		E61273BF194FA56F00BEC1ED /* PBXTargetDependency */ = {
			isa = PBXTargetDependency;
			target = E61273A8194FA56F00BEC1ED /* PraxOauth2 */;
			targetProxy = E61273BE194FA56F00BEC1ED /* PBXContainerItemProxy */;
		};
/* End PBXTargetDependency section */

/* Begin PBXVariantGroup section */
		E61273B6194FA56F00BEC1ED /* Main.storyboard */ = {
			isa = PBXVariantGroup;
			children = (
				E61273B7194FA56F00BEC1ED /* Base */,
			);
			name = Main.storyboard;
			sourceTree = "<group>";
		};
/* End PBXVariantGroup section */

/* Begin XCBuildConfiguration section */
		E61273C5194FA56F00BEC1ED /* Debug */ = {
			isa = XCBuildConfiguration;
			buildSettings = {
				ALWAYS_SEARCH_USER_PATHS = NO;
				CLANG_CXX_LANGUAGE_STANDARD = "gnu++0x";
				CLANG_CXX_LIBRARY = "libc++";
				CLANG_ENABLE_MODULES = YES;
				CLANG_ENABLE_OBJC_ARC = YES;
				CLANG_WARN_BOOL_CONVERSION = YES;
				CLANG_WARN_CONSTANT_CONVERSION = YES;
				CLANG_WARN_DIRECT_OBJC_ISA_USAGE = YES_ERROR;
				CLANG_WARN_EMPTY_BODY = YES;
				CLANG_WARN_ENUM_CONVERSION = YES;
				CLANG_WARN_INT_CONVERSION = YES;
				CLANG_WARN_OBJC_ROOT_CLASS = YES_ERROR;
				CLANG_WARN_UNREACHABLE_CODE = YES;
				CLANG_WARN__DUPLICATE_METHOD_MATCH = YES;
				CODE_SIGN_IDENTITY = "-";
				COPY_PHASE_STRIP = NO;
				ENABLE_STRICT_OBJC_MSGSEND = YES;
				GCC_C_LANGUAGE_STANDARD = gnu99;
				GCC_DYNAMIC_NO_PIC = NO;
				GCC_OPTIMIZATION_LEVEL = 0;
				GCC_PREPROCESSOR_DEFINITIONS = (
					"DEBUG=1",
					"$(inherited)",
				);
				GCC_SYMBOLS_PRIVATE_EXTERN = NO;
				GCC_WARN_64_TO_32_BIT_CONVERSION = YES;
				GCC_WARN_ABOUT_RETURN_TYPE = YES_ERROR;
				GCC_WARN_UNDECLARED_SELECTOR = YES;
				GCC_WARN_UNINITIALIZED_AUTOS = YES_AGGRESSIVE;
				GCC_WARN_UNUSED_FUNCTION = YES;
				GCC_WARN_UNUSED_VARIABLE = YES;
				MACOSX_DEPLOYMENT_TARGET = 10.10;
				METAL_ENABLE_DEBUG_INFO = YES;
				ONLY_ACTIVE_ARCH = YES;
				SDKROOT = macosx;
				SWIFT_OPTIMIZATION_LEVEL = "-Onone";
			};
			name = Debug;
		};
		E61273C6194FA56F00BEC1ED /* Release */ = {
			isa = XCBuildConfiguration;
			buildSettings = {
				ALWAYS_SEARCH_USER_PATHS = NO;
				CLANG_CXX_LANGUAGE_STANDARD = "gnu++0x";
				CLANG_CXX_LIBRARY = "libc++";
				CLANG_ENABLE_MODULES = YES;
				CLANG_ENABLE_OBJC_ARC = YES;
				CLANG_WARN_BOOL_CONVERSION = YES;
				CLANG_WARN_CONSTANT_CONVERSION = YES;
				CLANG_WARN_DIRECT_OBJC_ISA_USAGE = YES_ERROR;
				CLANG_WARN_EMPTY_BODY = YES;
				CLANG_WARN_ENUM_CONVERSION = YES;
				CLANG_WARN_INT_CONVERSION = YES;
				CLANG_WARN_OBJC_ROOT_CLASS = YES_ERROR;
				CLANG_WARN_UNREACHABLE_CODE = YES;
				CLANG_WARN__DUPLICATE_METHOD_MATCH = YES;
				CODE_SIGN_IDENTITY = "-";
				COPY_PHASE_STRIP = YES;
				DEBUG_INFORMATION_FORMAT = "dwarf-with-dsym";
				ENABLE_NS_ASSERTIONS = NO;
				ENABLE_STRICT_OBJC_MSGSEND = YES;
				GCC_C_LANGUAGE_STANDARD = gnu99;
				GCC_WARN_64_TO_32_BIT_CONVERSION = YES;
				GCC_WARN_ABOUT_RETURN_TYPE = YES_ERROR;
				GCC_WARN_UNDECLARED_SELECTOR = YES;
				GCC_WARN_UNINITIALIZED_AUTOS = YES_AGGRESSIVE;
				GCC_WARN_UNUSED_FUNCTION = YES;
				GCC_WARN_UNUSED_VARIABLE = YES;
				MACOSX_DEPLOYMENT_TARGET = 10.10;
				METAL_ENABLE_DEBUG_INFO = NO;
				SDKROOT = macosx;
			};
			name = Release;
		};
		E61273C8194FA56F00BEC1ED /* Debug */ = {
			isa = XCBuildConfiguration;
			buildSettings = {
				ASSETCATALOG_COMPILER_APPICON_NAME = AppIcon;
				COMBINE_HIDPI_IMAGES = YES;
				INFOPLIST_FILE = PraxOauth2/Info.plist;
				LD_RUNPATH_SEARCH_PATHS = "$(inherited) @executable_path/../Frameworks";
				PRODUCT_NAME = "$(TARGET_NAME)";
			};
			name = Debug;
		};
		E61273C9194FA56F00BEC1ED /* Release */ = {
			isa = XCBuildConfiguration;
			buildSettings = {
				ASSETCATALOG_COMPILER_APPICON_NAME = AppIcon;
				COMBINE_HIDPI_IMAGES = YES;
				INFOPLIST_FILE = PraxOauth2/Info.plist;
				LD_RUNPATH_SEARCH_PATHS = "$(inherited) @executable_path/../Frameworks";
				PRODUCT_NAME = "$(TARGET_NAME)";
			};
			name = Release;
		};
		E61273CB194FA56F00BEC1ED /* Debug */ = {
			isa = XCBuildConfiguration;
			buildSettings = {
				BUNDLE_LOADER = "$(BUILT_PRODUCTS_DIR)/PraxOauth2.app/Contents/MacOS/PraxOauth2";
				COMBINE_HIDPI_IMAGES = YES;
				FRAMEWORK_SEARCH_PATHS = (
					"$(DEVELOPER_FRAMEWORKS_DIR)",
					"$(inherited)",
				);
				GCC_PREPROCESSOR_DEFINITIONS = (
					"DEBUG=1",
					"$(inherited)",
				);
				INFOPLIST_FILE = PraxOauth2Tests/Info.plist;
				LD_RUNPATH_SEARCH_PATHS = "$(inherited) @executable_path/../Frameworks @loader_path/../Frameworks";
				METAL_ENABLE_DEBUG_INFO = YES;
				PRODUCT_NAME = "$(TARGET_NAME)";
				TEST_HOST = "$(BUNDLE_LOADER)";
			};
			name = Debug;
		};
		E61273CC194FA56F00BEC1ED /* Release */ = {
			isa = XCBuildConfiguration;
			buildSettings = {
				BUNDLE_LOADER = "$(BUILT_PRODUCTS_DIR)/PraxOauth2.app/Contents/MacOS/PraxOauth2";
				COMBINE_HIDPI_IMAGES = YES;
				FRAMEWORK_SEARCH_PATHS = (
					"$(DEVELOPER_FRAMEWORKS_DIR)",
					"$(inherited)",
				);
				INFOPLIST_FILE = PraxOauth2Tests/Info.plist;
				LD_RUNPATH_SEARCH_PATHS = "$(inherited) @executable_path/../Frameworks @loader_path/../Frameworks";
				METAL_ENABLE_DEBUG_INFO = NO;
				PRODUCT_NAME = "$(TARGET_NAME)";
				TEST_HOST = "$(BUNDLE_LOADER)";
			};
			name = Release;
		};
/* End XCBuildConfiguration section */

/* Begin XCConfigurationList section */
		E61273A4194FA56F00BEC1ED /* Build configuration list for PBXProject "PraxOauth2" */ = {
			isa = XCConfigurationList;
			buildConfigurations = (
				E61273C5194FA56F00BEC1ED /* Debug */,
				E61273C6194FA56F00BEC1ED /* Release */,
			);
			defaultConfigurationIsVisible = 0;
			defaultConfigurationName = Release;
		};
		E61273C7194FA56F00BEC1ED /* Build configuration list for PBXNativeTarget "PraxOauth2" */ = {
			isa = XCConfigurationList;
			buildConfigurations = (
				E61273C8194FA56F00BEC1ED /* Debug */,
				E61273C9194FA56F00BEC1ED /* Release */,
			);
			defaultConfigurationIsVisible = 0;
		};
		E61273CA194FA56F00BEC1ED /* Build configuration list for PBXNativeTarget "PraxOauth2Tests" */ = {
			isa = XCConfigurationList;
			buildConfigurations = (
				E61273CB194FA56F00BEC1ED /* Debug */,
				E61273CC194FA56F00BEC1ED /* Release */,
			);
			defaultConfigurationIsVisible = 0;
		};
/* End XCConfigurationList section */
	};
	rootObject = E61273A1194FA56F00BEC1ED /* Project object */;
}
